
Microsoft Visual Studio Solution File, Format Version 12.00
# Visual Studio 15
VisualStudioVersion = 15.0.28010.2036
MinimumVisualStudioVersion = 10.0.40219.1
Project("{FAE04EC0-301F-11D3-BF4B-00C04F79EFBC}") = "Review_DB4O", "Review_DB4O\Review_DB4O.csproj", "{155AA6FB-BAB2-4BC2-9797-16009DD82E95}"
EndProject
Global
	GlobalSection(SolutionConfigurationPlatforms) = preSolution
		Debug|Any CPU = Debug|Any CPU
		Release|Any CPU = Release|Any CPU
	EndGlobalSection
	GlobalSection(ProjectConfigurationPlatforms) = postSolution
		{155AA6FB-BAB2-4BC2-9797-16009DD82E95}.Debug|Any CPU.ActiveCfg = Debug|Any CPU
		{155AA6FB-BAB2-4BC2-9797-16009DD82E95}.Debug|Any CPU.Build.0 = Debug|Any CPU
		{155AA6FB-BAB2-4BC2-9797-16009DD82E95}.Release|Any CPU.ActiveCfg = Release|Any CPU
		{155AA6FB-BAB2-4BC2-9797-16009DD82E95}.Release|Any CPU.Build.0 = Release|Any CPU
	EndGlobalSection
	GlobalSection(SolutionProperties) = preSolution
		HideSolutionNode = FALSE
	EndGlobalSection
	GlobalSection(ExtensibilityGlobals) = postSolution
		SolutionGuid = {908F6336-CE0D-403C-AB89-62BC53FE8453}
	EndGlobalSection
EndGlobal
